// !$*UTF8*$!
{
	archiveVersion = 1;
	classes = {
	};
	objectVersion = 56;
	objects = {

/* Begin PBXBuildFile section */
		0302C4152947F8DF00A3DFCA /* URL.ImageURL.swift in Sources */ = {isa = PBXBuildFile; fileRef = 0302C4142947F8DF00A3DFCA /* URL.ImageURL.swift */; };
		0302C4172948027B00A3DFCA /* OptionalImage.swift in Sources */ = {isa = PBXBuildFile; fileRef = 0302C4162948027B00A3DFCA /* OptionalImage.swift */; };
		03525BF32938290900372C5C /* CoreGraphics.Utilities.swift in Sources */ = {isa = PBXBuildFile; fileRef = 03525BF22938290900372C5C /* CoreGraphics.Utilities.swift */; };
		03525BF529382D2600372C5C /* EmojiArtExtensions.swift in Sources */ = {isa = PBXBuildFile; fileRef = 03525BF429382D2600372C5C /* EmojiArtExtensions.swift */; };
		03525BF729382DBC00372C5C /* Array.NSItemProvider.swift in Sources */ = {isa = PBXBuildFile; fileRef = 03525BF629382DBC00372C5C /* Array.NSItemProvider.swift */; };
		03525BF929382E7B00372C5C /* Character.IsEmoji.swift in Sources */ = {isa = PBXBuildFile; fileRef = 03525BF829382E7B00372C5C /* Character.IsEmoji.swift */; };
		035D820D2937CFA800F64D89 /* EmojiArtApp.swift in Sources */ = {isa = PBXBuildFile; fileRef = 035D820C2937CFA800F64D89 /* EmojiArtApp.swift */; };
		035D820F2937CFA800F64D89 /* EmojiArtDocumentView.swift in Sources */ = {isa = PBXBuildFile; fileRef = 035D820E2937CFA800F64D89 /* EmojiArtDocumentView.swift */; };
		035D82112937CFAA00F64D89 /* Assets.xcassets in Resources */ = {isa = PBXBuildFile; fileRef = 035D82102937CFAA00F64D89 /* Assets.xcassets */; };
		035D82142937CFAA00F64D89 /* Preview Assets.xcassets in Resources */ = {isa = PBXBuildFile; fileRef = 035D82132937CFAA00F64D89 /* Preview Assets.xcassets */; };
		035D821C2937CFC700F64D89 /* EmojiArtModel.swift in Sources */ = {isa = PBXBuildFile; fileRef = 035D821B2937CFC700F64D89 /* EmojiArtModel.swift */; };
		035D821E2937D22300F64D89 /* EmojiArtModel.Background.swift in Sources */ = {isa = PBXBuildFile; fileRef = 035D821D2937D22300F64D89 /* EmojiArtModel.Background.swift */; };
		035D82212937D30000F64D89 /* EmojiArtDocument.swift in Sources */ = {isa = PBXBuildFile; fileRef = 035D82202937D30000F64D89 /* EmojiArtDocument.swift */; };
		035D82242937D64D00F64D89 /* Collection.IndexMatching.swift in Sources */ = {isa = PBXBuildFile; fileRef = 035D82232937D64D00F64D89 /* Collection.IndexMatching.swift */; };
		03A8645B294AC3EC001FEC82 /* PaletteStore.swift in Sources */ = {isa = PBXBuildFile; fileRef = 03A8645A294AC3EC001FEC82 /* PaletteStore.swift */; };
/* End PBXBuildFile section */

/* Begin PBXFileReference section */
		0302C4142947F8DF00A3DFCA /* URL.ImageURL.swift */ = {isa = PBXFileReference; lastKnownFileType = sourcecode.swift; path = URL.ImageURL.swift; sourceTree = "<group>"; };
		0302C4162948027B00A3DFCA /* OptionalImage.swift */ = {isa = PBXFileReference; lastKnownFileType = sourcecode.swift; path = OptionalImage.swift; sourceTree = "<group>"; };
		03525BF22938290900372C5C /* CoreGraphics.Utilities.swift */ = {isa = PBXFileReference; lastKnownFileType = sourcecode.swift; path = CoreGraphics.Utilities.swift; sourceTree = "<group>"; };
		03525BF429382D2600372C5C /* EmojiArtExtensions.swift */ = {isa = PBXFileReference; lastKnownFileType = sourcecode.swift; path = EmojiArtExtensions.swift; sourceTree = "<group>"; };
		03525BF629382DBC00372C5C /* Array.NSItemProvider.swift */ = {isa = PBXFileReference; lastKnownFileType = sourcecode.swift; path = Array.NSItemProvider.swift; sourceTree = "<group>"; };
		03525BF829382E7B00372C5C /* Character.IsEmoji.swift */ = {isa = PBXFileReference; lastKnownFileType = sourcecode.swift; path = Character.IsEmoji.swift; sourceTree = "<group>"; };
		035D82092937CFA800F64D89 /* EmojiArt.app */ = {isa = PBXFileReference; explicitFileType = wrapper.application; includeInIndex = 0; path = EmojiArt.app; sourceTree = BUILT_PRODUCTS_DIR; };
		035D820C2937CFA800F64D89 /* EmojiArtApp.swift */ = {isa = PBXFileReference; lastKnownFileType = sourcecode.swift; path = EmojiArtApp.swift; sourceTree = "<group>"; };
		035D820E2937CFA800F64D89 /* EmojiArtDocumentView.swift */ = {isa = PBXFileReference; lastKnownFileType = sourcecode.swift; path = EmojiArtDocumentView.swift; sourceTree = "<group>"; };
		035D82102937CFAA00F64D89 /* Assets.xcassets */ = {isa = PBXFileReference; lastKnownFileType = folder.assetcatalog; path = Assets.xcassets; sourceTree = "<group>"; };
		035D82132937CFAA00F64D89 /* Preview Assets.xcassets */ = {isa = PBXFileReference; lastKnownFileType = folder.assetcatalog; path = "Preview Assets.xcassets"; sourceTree = "<group>"; };
		035D821B2937CFC700F64D89 /* EmojiArtModel.swift */ = {isa = PBXFileReference; lastKnownFileType = sourcecode.swift; path = EmojiArtModel.swift; sourceTree = "<group>"; };
		035D821D2937D22300F64D89 /* EmojiArtModel.Background.swift */ = {isa = PBXFileReference; lastKnownFileType = sourcecode.swift; path = EmojiArtModel.Background.swift; sourceTree = "<group>"; };
		035D82202937D30000F64D89 /* EmojiArtDocument.swift */ = {isa = PBXFileReference; lastKnownFileType = sourcecode.swift; path = EmojiArtDocument.swift; sourceTree = "<group>"; };
		035D82232937D64D00F64D89 /* Collection.IndexMatching.swift */ = {isa = PBXFileReference; lastKnownFileType = sourcecode.swift; path = Collection.IndexMatching.swift; sourceTree = "<group>"; };
		03A8645A294AC3EC001FEC82 /* PaletteStore.swift */ = {isa = PBXFileReference; lastKnownFileType = sourcecode.swift; path = PaletteStore.swift; sourceTree = "<group>"; };
/* End PBXFileReference section */

/* Begin PBXFrameworksBuildPhase section */
		035D82062937CFA800F64D89 /* Frameworks */ = {
			isa = PBXFrameworksBuildPhase;
			buildActionMask = 2147483647;
			files = (
			);
			runOnlyForDeploymentPostprocessing = 0;
		};
/* End PBXFrameworksBuildPhase section */

/* Begin PBXGroup section */
		03525BF12938201B00372C5C /* View */ = {
			isa = PBXGroup;
			children = (
				035D820E2937CFA800F64D89 /* EmojiArtDocumentView.swift */,
				0302C4162948027B00A3DFCA /* OptionalImage.swift */,
			);
			path = View;
			sourceTree = "<group>";
		};
		035D82002937CFA800F64D89 = {
			isa = PBXGroup;
			children = (
				035D820B2937CFA800F64D89 /* EmojiArt */,
				035D820A2937CFA800F64D89 /* Products */,
			);
			sourceTree = "<group>";
		};
		035D820A2937CFA800F64D89 /* Products */ = {
			isa = PBXGroup;
			children = (
				035D82092937CFA800F64D89 /* EmojiArt.app */,
			);
			name = Products;
			sourceTree = "<group>";
		};
		035D820B2937CFA800F64D89 /* EmojiArt */ = {
			isa = PBXGroup;
			children = (
				038963B0294BD28500108338 /* Features */,
				035D820C2937CFA800F64D89 /* EmojiArtApp.swift */,
				035D82102937CFAA00F64D89 /* Assets.xcassets */,
				035D82122937CFAA00F64D89 /* Preview Content */,
			);
			path = EmojiArt;
			sourceTree = "<group>";
		};
		035D82122937CFAA00F64D89 /* Preview Content */ = {
			isa = PBXGroup;
			children = (
				035D82132937CFAA00F64D89 /* Preview Assets.xcassets */,
			);
			path = "Preview Content";
			sourceTree = "<group>";
		};
		035D821A2937CFB200F64D89 /* Model */ = {
			isa = PBXGroup;
			children = (
				035D821B2937CFC700F64D89 /* EmojiArtModel.swift */,
				035D821D2937D22300F64D89 /* EmojiArtModel.Background.swift */,
			);
			path = Model;
			sourceTree = "<group>";
		};
		035D821F2937D2F000F64D89 /* ViewModel */ = {
			isa = PBXGroup;
			children = (
				035D82202937D30000F64D89 /* EmojiArtDocument.swift */,
			);
			path = ViewModel;
			sourceTree = "<group>";
		};
		035D82222937D5F400F64D89 /* Extensions */ = {
			isa = PBXGroup;
			children = (
				035D82232937D64D00F64D89 /* Collection.IndexMatching.swift */,
				03525BF22938290900372C5C /* CoreGraphics.Utilities.swift */,
				03525BF429382D2600372C5C /* EmojiArtExtensions.swift */,
				03525BF629382DBC00372C5C /* Array.NSItemProvider.swift */,
				03525BF829382E7B00372C5C /* Character.IsEmoji.swift */,
				0302C4142947F8DF00A3DFCA /* URL.ImageURL.swift */,
			);
			path = Extensions;
			sourceTree = "<group>";
		};
		038963B0294BD28500108338 /* Features */ = {
			isa = PBXGroup;
			children = (
				038963B2294BD2A900108338 /* Palette */,
				038963B1294BD29300108338 /* EmojiArtDocument */,
			);
			path = Features;
			sourceTree = "<group>";
		};
		038963B1294BD29300108338 /* EmojiArtDocument */ = {
			isa = PBXGroup;
			children = (
				03525BF12938201B00372C5C /* View */,
				035D82222937D5F400F64D89 /* Extensions */,
				035D821F2937D2F000F64D89 /* ViewModel */,
				035D821A2937CFB200F64D89 /* Model */,
			);
			path = EmojiArtDocument;
			sourceTree = "<group>";
		};
		038963B2294BD2A900108338 /* Palette */ = {
			isa = PBXGroup;
			children = (
				03A8645A294AC3EC001FEC82 /* PaletteStore.swift */,
			);
			path = Palette;
			sourceTree = "<group>";
		};
/* End PBXGroup section */

/* Begin PBXNativeTarget section */
		035D82082937CFA800F64D89 /* EmojiArt */ = {
			isa = PBXNativeTarget;
			buildConfigurationList = 035D82172937CFAA00F64D89 /* Build configuration list for PBXNativeTarget "EmojiArt" */;
			buildPhases = (
				035D82052937CFA800F64D89 /* Sources */,
				035D82062937CFA800F64D89 /* Frameworks */,
				035D82072937CFA800F64D89 /* Resources */,
			);
			buildRules = (
			);
			dependencies = (
			);
			name = EmojiArt;
			productName = EmojiArt;
			productReference = 035D82092937CFA800F64D89 /* EmojiArt.app */;
			productType = "com.apple.product-type.application";
		};
/* End PBXNativeTarget section */

/* Begin PBXProject section */
		035D82012937CFA800F64D89 /* Project object */ = {
			isa = PBXProject;
			attributes = {
				BuildIndependentTargetsInParallel = 1;
				LastSwiftUpdateCheck = 1410;
				LastUpgradeCheck = 1410;
				TargetAttributes = {
					035D82082937CFA800F64D89 = {
						CreatedOnToolsVersion = 14.1;
					};
				};
			};
			buildConfigurationList = 035D82042937CFA800F64D89 /* Build configuration list for PBXProject "EmojiArt" */;
			compatibilityVersion = "Xcode 14.0";
			developmentRegion = en;
			hasScannedForEncodings = 0;
			knownRegions = (
				en,
				Base,
			);
			mainGroup = 035D82002937CFA800F64D89;
			productRefGroup = 035D820A2937CFA800F64D89 /* Products */;
			projectDirPath = "";
			projectRoot = "";
			targets = (
				035D82082937CFA800F64D89 /* EmojiArt */,
			);
		};
/* End PBXProject section */

/* Begin PBXResourcesBuildPhase section */
		035D82072937CFA800F64D89 /* Resources */ = {
			isa = PBXResourcesBuildPhase;
			buildActionMask = 2147483647;
			files = (
				035D82142937CFAA00F64D89 /* Preview Assets.xcassets in Resources */,
				035D82112937CFAA00F64D89 /* Assets.xcassets in Resources */,
			);
			runOnlyForDeploymentPostprocessing = 0;
		};
/* End PBXResourcesBuildPhase section */

/* Begin PBXSourcesBuildPhase section */
		035D82052937CFA800F64D89 /* Sources */ = {
			isa = PBXSourcesBuildPhase;
			buildActionMask = 2147483647;
			files = (
				035D820F2937CFA800F64D89 /* EmojiArtDocumentView.swift in Sources */,
				035D820D2937CFA800F64D89 /* EmojiArtApp.swift in Sources */,
				03A8645B294AC3EC001FEC82 /* PaletteStore.swift in Sources */,
				0302C4152947F8DF00A3DFCA /* URL.ImageURL.swift in Sources */,
				0302C4172948027B00A3DFCA /* OptionalImage.swift in Sources */,
				03525BF32938290900372C5C /* CoreGraphics.Utilities.swift in Sources */,
				035D82212937D30000F64D89 /* EmojiArtDocument.swift in Sources */,
				035D821C2937CFC700F64D89 /* EmojiArtModel.swift in Sources */,
				035D82242937D64D00F64D89 /* Collection.IndexMatching.swift in Sources */,
				03525BF529382D2600372C5C /* EmojiArtExtensions.swift in Sources */,
				03525BF929382E7B00372C5C /* Character.IsEmoji.swift in Sources */,
				035D821E2937D22300F64D89 /* EmojiArtModel.Background.swift in Sources */,
				03525BF729382DBC00372C5C /* Array.NSItemProvider.swift in Sources */,
			);
			runOnlyForDeploymentPostprocessing = 0;
		};
/* End PBXSourcesBuildPhase section */

/* Begin XCBuildConfiguration section */
		035D82152937CFAA00F64D89 /* Debug */ = {
			isa = XCBuildConfiguration;
			buildSettings = {
				ALWAYS_SEARCH_USER_PATHS = NO;
				CLANG_ANALYZER_NONNULL = YES;
				CLANG_ANALYZER_NUMBER_OBJECT_CONVERSION = YES_AGGRESSIVE;
				CLANG_CXX_LANGUAGE_STANDARD = "gnu++20";
				CLANG_ENABLE_MODULES = YES;
				CLANG_ENABLE_OBJC_ARC = YES;
				CLANG_ENABLE_OBJC_WEAK = YES;
				CLANG_WARN_BLOCK_CAPTURE_AUTORELEASING = YES;
				CLANG_WARN_BOOL_CONVERSION = YES;
				CLANG_WARN_COMMA = YES;
				CLANG_WARN_CONSTANT_CONVERSION = YES;
				CLANG_WARN_DEPRECATED_OBJC_IMPLEMENTATIONS = YES;
				CLANG_WARN_DIRECT_OBJC_ISA_USAGE = YES_ERROR;
				CLANG_WARN_DOCUMENTATION_COMMENTS = YES;
				CLANG_WARN_EMPTY_BODY = YES;
				CLANG_WARN_ENUM_CONVERSION = YES;
				CLANG_WARN_INFINITE_RECURSION = YES;
				CLANG_WARN_INT_CONVERSION = YES;
				CLANG_WARN_NON_LITERAL_NULL_CONVERSION = YES;
				CLANG_WARN_OBJC_IMPLICIT_RETAIN_SELF = YES;
				CLANG_WARN_OBJC_LITERAL_CONVERSION = YES;
				CLANG_WARN_OBJC_ROOT_CLASS = YES_ERROR;
				CLANG_WARN_QUOTED_INCLUDE_IN_FRAMEWORK_HEADER = YES;
				CLANG_WARN_RANGE_LOOP_ANALYSIS = YES;
				CLANG_WARN_STRICT_PROTOTYPES = YES;
				CLANG_WARN_SUSPICIOUS_MOVE = YES;
				CLANG_WARN_UNGUARDED_AVAILABILITY = YES_AGGRESSIVE;
				CLANG_WARN_UNREACHABLE_CODE = YES;
				CLANG_WARN__DUPLICATE_METHOD_MATCH = YES;
				COPY_PHASE_STRIP = NO;
				DEBUG_INFORMATION_FORMAT = dwarf;
				ENABLE_STRICT_OBJC_MSGSEND = YES;
				ENABLE_TESTABILITY = YES;
				GCC_C_LANGUAGE_STANDARD = gnu11;
				GCC_DYNAMIC_NO_PIC = NO;
				GCC_NO_COMMON_BLOCKS = YES;
				GCC_OPTIMIZATION_LEVEL = 0;
				GCC_PREPROCESSOR_DEFINITIONS = (
					"DEBUG=1",
					"$(inherited)",
				);
				GCC_WARN_64_TO_32_BIT_CONVERSION = YES;
				GCC_WARN_ABOUT_RETURN_TYPE = YES_ERROR;
				GCC_WARN_UNDECLARED_SELECTOR = YES;
				GCC_WARN_UNINITIALIZED_AUTOS = YES_AGGRESSIVE;
				GCC_WARN_UNUSED_FUNCTION = YES;
				GCC_WARN_UNUSED_VARIABLE = YES;
				IPHONEOS_DEPLOYMENT_TARGET = 16.1;
				MTL_ENABLE_DEBUG_INFO = INCLUDE_SOURCE;
				MTL_FAST_MATH = YES;
				ONLY_ACTIVE_ARCH = YES;
				SDKROOT = iphoneos;
				SWIFT_ACTIVE_COMPILATION_CONDITIONS = DEBUG;
				SWIFT_OPTIMIZATION_LEVEL = "-Onone";
			};
			name = Debug;
		};
		035D82162937CFAA00F64D89 /* Release */ = {
			isa = XCBuildConfiguration;
			buildSettings = {
				ALWAYS_SEARCH_USER_PATHS = NO;
				CLANG_ANALYZER_NONNULL = YES;
				CLANG_ANALYZER_NUMBER_OBJECT_CONVERSION = YES_AGGRESSIVE;
				CLANG_CXX_LANGUAGE_STANDARD = "gnu++20";
				CLANG_ENABLE_MODULES = YES;
				CLANG_ENABLE_OBJC_ARC = YES;
				CLANG_ENABLE_OBJC_WEAK = YES;
				CLANG_WARN_BLOCK_CAPTURE_AUTORELEASING = YES;
				CLANG_WARN_BOOL_CONVERSION = YES;
				CLANG_WARN_COMMA = YES;
				CLANG_WARN_CONSTANT_CONVERSION = YES;
				CLANG_WARN_DEPRECATED_OBJC_IMPLEMENTATIONS = YES;
				CLANG_WARN_DIRECT_OBJC_ISA_USAGE = YES_ERROR;
				CLANG_WARN_DOCUMENTATION_COMMENTS = YES;
				CLANG_WARN_EMPTY_BODY = YES;
				CLANG_WARN_ENUM_CONVERSION = YES;
				CLANG_WARN_INFINITE_RECURSION = YES;
				CLANG_WARN_INT_CONVERSION = YES;
				CLANG_WARN_NON_LITERAL_NULL_CONVERSION = YES;
				CLANG_WARN_OBJC_IMPLICIT_RETAIN_SELF = YES;
				CLANG_WARN_OBJC_LITERAL_CONVERSION = YES;
				CLANG_WARN_OBJC_ROOT_CLASS = YES_ERROR;
				CLANG_WARN_QUOTED_INCLUDE_IN_FRAMEWORK_HEADER = YES;
				CLANG_WARN_RANGE_LOOP_ANALYSIS = YES;
				CLANG_WARN_STRICT_PROTOTYPES = YES;
				CLANG_WARN_SUSPICIOUS_MOVE = YES;
				CLANG_WARN_UNGUARDED_AVAILABILITY = YES_AGGRESSIVE;
				CLANG_WARN_UNREACHABLE_CODE = YES;
				CLANG_WARN__DUPLICATE_METHOD_MATCH = YES;
				COPY_PHASE_STRIP = NO;
				DEBUG_INFORMATION_FORMAT = "dwarf-with-dsym";
				ENABLE_NS_ASSERTIONS = NO;
				ENABLE_STRICT_OBJC_MSGSEND = YES;
				GCC_C_LANGUAGE_STANDARD = gnu11;
				GCC_NO_COMMON_BLOCKS = YES;
				GCC_WARN_64_TO_32_BIT_CONVERSION = YES;
				GCC_WARN_ABOUT_RETURN_TYPE = YES_ERROR;
				GCC_WARN_UNDECLARED_SELECTOR = YES;
				GCC_WARN_UNINITIALIZED_AUTOS = YES_AGGRESSIVE;
				GCC_WARN_UNUSED_FUNCTION = YES;
				GCC_WARN_UNUSED_VARIABLE = YES;
				IPHONEOS_DEPLOYMENT_TARGET = 16.1;
				MTL_ENABLE_DEBUG_INFO = NO;
				MTL_FAST_MATH = YES;
				SDKROOT = iphoneos;
				SWIFT_COMPILATION_MODE = wholemodule;
				SWIFT_OPTIMIZATION_LEVEL = "-O";
				VALIDATE_PRODUCT = YES;
			};
			name = Release;
		};
		035D82182937CFAA00F64D89 /* Debug */ = {
			isa = XCBuildConfiguration;
			buildSettings = {
				ASSETCATALOG_COMPILER_APPICON_NAME = AppIcon;
				ASSETCATALOG_COMPILER_GLOBAL_ACCENT_COLOR_NAME = AccentColor;
				CODE_SIGN_STYLE = Automatic;
				CURRENT_PROJECT_VERSION = 1;
				DEVELOPMENT_ASSET_PATHS = "\"EmojiArt/Preview Content\"";
				DEVELOPMENT_TEAM = 2F72X23THM;
				ENABLE_PREVIEWS = YES;
				GENERATE_INFOPLIST_FILE = YES;
				INFOPLIST_KEY_UIApplicationSceneManifest_Generation = YES;
				INFOPLIST_KEY_UIApplicationSupportsIndirectInputEvents = YES;
				INFOPLIST_KEY_UILaunchScreen_Generation = YES;
				INFOPLIST_KEY_UISupportedInterfaceOrientations_iPad = "UIInterfaceOrientationPortrait UIInterfaceOrientationPortraitUpsideDown UIInterfaceOrientationLandscapeLeft UIInterfaceOrientationLandscapeRight";
				INFOPLIST_KEY_UISupportedInterfaceOrientations_iPhone = "UIInterfaceOrientationPortrait UIInterfaceOrientationLandscapeLeft UIInterfaceOrientationLandscapeRight";
				LD_RUNPATH_SEARCH_PATHS = (
					"$(inherited)",
					"@executable_path/Frameworks",
				);
				MARKETING_VERSION = 1.0;
				PRODUCT_BUNDLE_IDENTIFIER = com.roverty.EmojiArt;
				PRODUCT_NAME = "$(TARGET_NAME)";
				SWIFT_EMIT_LOC_STRINGS = YES;
				SWIFT_VERSION = 5.0;
				TARGETED_DEVICE_FAMILY = "1,2";
			};
			name = Debug;
		};
		035D82192937CFAA00F64D89 /* Release */ = {
			isa = XCBuildConfiguration;
			buildSettings = {
				ASSETCATALOG_COMPILER_APPICON_NAME = AppIcon;
				ASSETCATALOG_COMPILER_GLOBAL_ACCENT_COLOR_NAME = AccentColor;
				CODE_SIGN_STYLE = Automatic;
				CURRENT_PROJECT_VERSION = 1;
				DEVELOPMENT_ASSET_PATHS = "\"EmojiArt/Preview Content\"";
				DEVELOPMENT_TEAM = 2F72X23THM;
				ENABLE_PREVIEWS = YES;
				GENERATE_INFOPLIST_FILE = YES;
				INFOPLIST_KEY_UIApplicationSceneManifest_Generation = YES;
				INFOPLIST_KEY_UIApplicationSupportsIndirectInputEvents = YES;
				INFOPLIST_KEY_UILaunchScreen_Generation = YES;
				INFOPLIST_KEY_UISupportedInterfaceOrientations_iPad = "UIInterfaceOrientationPortrait UIInterfaceOrientationPortraitUpsideDown UIInterfaceOrientationLandscapeLeft UIInterfaceOrientationLandscapeRight";
				INFOPLIST_KEY_UISupportedInterfaceOrientations_iPhone = "UIInterfaceOrientationPortrait UIInterfaceOrientationLandscapeLeft UIInterfaceOrientationLandscapeRight";
				LD_RUNPATH_SEARCH_PATHS = (
					"$(inherited)",
					"@executable_path/Frameworks",
				);
				MARKETING_VERSION = 1.0;
				PRODUCT_BUNDLE_IDENTIFIER = com.roverty.EmojiArt;
				PRODUCT_NAME = "$(TARGET_NAME)";
				SWIFT_EMIT_LOC_STRINGS = YES;
				SWIFT_VERSION = 5.0;
				TARGETED_DEVICE_FAMILY = "1,2";
			};
			name = Release;
		};
/* End XCBuildConfiguration section */

/* Begin XCConfigurationList section */
		035D82042937CFA800F64D89 /* Build configuration list for PBXProject "EmojiArt" */ = {
			isa = XCConfigurationList;
			buildConfigurations = (
				035D82152937CFAA00F64D89 /* Debug */,
				035D82162937CFAA00F64D89 /* Release */,
			);
			defaultConfigurationIsVisible = 0;
			defaultConfigurationName = Release;
		};
		035D82172937CFAA00F64D89 /* Build configuration list for PBXNativeTarget "EmojiArt" */ = {
			isa = XCConfigurationList;
			buildConfigurations = (
				035D82182937CFAA00F64D89 /* Debug */,
				035D82192937CFAA00F64D89 /* Release */,
			);
			defaultConfigurationIsVisible = 0;
			defaultConfigurationName = Release;
		};
/* End XCConfigurationList section */
	};
	rootObject = 035D82012937CFA800F64D89 /* Project object */;
}
